hash: 160811718bd5d74610db0704752aeb8d8bf75e96a94f332260dff86e5c8e2adb
updated: 2019-02-19T20:28:22.86282-05:00
imports:
- name: github.com/cloudnativego/gogo-engine
  version: 256cb157fb61886eada3c2ec613fbb4428f5ca3f
- name: github.com/google/uuid
  version: 9b3b1e0f5f99ae461456d768e7d301a7acdaa2d8
- name: github.com/gorilla/mux
  version: a7962380ca08b5a188038c69871b8d3fbdf31e89
- name: github.com/pborman/uuid
  version: 8b1b92947f46224e3b97bb1a3a5b0382be00d31e
- name: github.com/unrolled/render
  version: 449f3985007486f7f42ca7f62b4c8b45d6d89cbf
- name: github.com/urfave/negroni
  version: c6a59be0ce122566695fbd5e48a77f8f10c8a63a
testImports: []
